
Microsoft Visual Studio Solution File, Format Version 12.00
# Visual Studio Version 17
VisualStudioVersion = 17.1.32328.378
MinimumVisualStudioVersion = 10.0.40219.1
Project("{FAE04EC0-301F-11D3-BF4B-00C04F79EFBC}") = "CandidateTest", "CandidateTest\CandidateTest.csproj", "{24F2B3F8-B9A7-4CEE-9064-67535AB2DDB4}"
EndProject
Project("{FAE04EC0-301F-11D3-BF4B-00C04F79EFBC}") = "Framework", "Framework\Framework.csproj", "{51970A92-3C7A-4B38-BD9B-0187917FF628}"
EndProject
Project("{FAE04EC0-301F-11D3-BF4B-00C04F79EFBC}") = "Business", "Business\Business.csproj", "{00B4ACA7-C7AB-4654-98AE-05383258119C}"
EndProject
Project("{FAE04EC0-301F-11D3-BF4B-00C04F79EFBC}") = "Common", "Common\Common.csproj", "{D2EDD1F0-BB1C-4D8A-B740-50DCDE5BD7DF}"
EndProject
Global
	GlobalSection(SolutionConfigurationPlatforms) = preSolution
		Debug|Any CPU = Debug|Any CPU
		Release|Any CPU = Release|Any CPU
	EndGlobalSection
	GlobalSection(ProjectConfigurationPlatforms) = postSolution
		{24F2B3F8-B9A7-4CEE-9064-67535AB2DDB4}.Debug|Any CPU.ActiveCfg = Debug|Any CPU
		{24F2B3F8-B9A7-4CEE-9064-67535AB2DDB4}.Debug|Any CPU.Build.0 = Debug|Any CPU
		{24F2B3F8-B9A7-4CEE-9064-67535AB2DDB4}.Release|Any CPU.ActiveCfg = Release|Any CPU
		{24F2B3F8-B9A7-4CEE-9064-67535AB2DDB4}.Release|Any CPU.Build.0 = Release|Any CPU
		{51970A92-3C7A-4B38-BD9B-0187917FF628}.Debug|Any CPU.ActiveCfg = Debug|Any CPU
		{51970A92-3C7A-4B38-BD9B-0187917FF628}.Debug|Any CPU.Build.0 = Debug|Any CPU
		{51970A92-3C7A-4B38-BD9B-0187917FF628}.Release|Any CPU.ActiveCfg = Release|Any CPU
		{51970A92-3C7A-4B38-BD9B-0187917FF628}.Release|Any CPU.Build.0 = Release|Any CPU
		{00B4ACA7-C7AB-4654-98AE-05383258119C}.Debug|Any CPU.ActiveCfg = Debug|Any CPU
		{00B4ACA7-C7AB-4654-98AE-05383258119C}.Debug|Any CPU.Build.0 = Debug|Any CPU
		{00B4ACA7-C7AB-4654-98AE-05383258119C}.Release|Any CPU.ActiveCfg = Release|Any CPU
		{00B4ACA7-C7AB-4654-98AE-05383258119C}.Release|Any CPU.Build.0 = Release|Any CPU
		{D2EDD1F0-BB1C-4D8A-B740-50DCDE5BD7DF}.Debug|Any CPU.ActiveCfg = Debug|Any CPU
		{D2EDD1F0-BB1C-4D8A-B740-50DCDE5BD7DF}.Debug|Any CPU.Build.0 = Debug|Any CPU
		{D2EDD1F0-BB1C-4D8A-B740-50DCDE5BD7DF}.Release|Any CPU.ActiveCfg = Release|Any CPU
		{D2EDD1F0-BB1C-4D8A-B740-50DCDE5BD7DF}.Release|Any CPU.Build.0 = Release|Any CPU
	EndGlobalSection
	GlobalSection(SolutionProperties) = preSolution
		HideSolutionNode = FALSE
	EndGlobalSection
	GlobalSection(ExtensibilityGlobals) = postSolution
		SolutionGuid = {079BDE06-D1A8-4982-AF12-9C6D5E8AA863}
	EndGlobalSection
EndGlobal
